// !$*UTF8*$!
{
	archiveVersion = 1;
	classes = {
	};
	objectVersion = 77;
	objects = {

/* Begin PBXContainerItemProxy section */
		ABDCDC0C2CE78B1C001778F6 /* PBXContainerItemProxy */ = {
			isa = PBXContainerItemProxy;
			containerPortal = ABDCDBED2CE78B19001778F6 /* Project object */;
			proxyType = 1;
			remoteGlobalIDString = ABDCDBF42CE78B19001778F6;
			remoteInfo = "roll a num";
		};
		ABDCDC162CE78B1C001778F6 /* PBXContainerItemProxy */ = {
			isa = PBXContainerItemProxy;
			containerPortal = ABDCDBED2CE78B19001778F6 /* Project object */;
			proxyType = 1;
			remoteGlobalIDString = ABDCDBF42CE78B19001778F6;
			remoteInfo = "roll a num";
		};
/* End PBXContainerItemProxy section */

/* Begin PBXFileReference section */
		ABDCDBF52CE78B19001778F6 /* roll a num.app */ = {isa = PBXFileReference; explicitFileType = wrapper.application; includeInIndex = 0; path = "roll a num.app"; sourceTree = BUILT_PRODUCTS_DIR; };
		ABDCDC0B2CE78B1C001778F6 /* roll a numTests.xctest */ = {isa = PBXFileReference; explicitFileType = wrapper.cfbundle; includeInIndex = 0; path = "roll a numTests.xctest"; sourceTree = BUILT_PRODUCTS_DIR; };
		ABDCDC152CE78B1C001778F6 /* roll a numUITests.xctest */ = {isa = PBXFileReference; explicitFileType = wrapper.cfbundle; includeInIndex = 0; path = "roll a numUITests.xctest"; sourceTree = BUILT_PRODUCTS_DIR; };
/* End PBXFileReference section */

/* Begin PBXFileSystemSynchronizedBuildFileExceptionSet section */
		ABDCDC1D2CE78B1C001778F6 /* Exceptions for "roll a num" folder in "roll a num" target */ = {
			isa = PBXFileSystemSynchronizedBuildFileExceptionSet;
			membershipExceptions = (
				Info.plist,
			);
			target = ABDCDBF42CE78B19001778F6 /* roll a num */;
		};
/* End PBXFileSystemSynchronizedBuildFileExceptionSet section */

/* Begin PBXFileSystemSynchronizedRootGroup section */
		ABDCDBF72CE78B19001778F6 /* roll a num */ = {
			isa = PBXFileSystemSynchronizedRootGroup;
			exceptions = (
				ABDCDC1D2CE78B1C001778F6 /* Exceptions for "roll a num" folder in "roll a num" target */,
			);
			path = "roll a num";
			sourceTree = "<group>";
		};
		ABDCDC0E2CE78B1C001778F6 /* roll a numTests */ = {
			isa = PBXFileSystemSynchronizedRootGroup;
			path = "roll a numTests";
			sourceTree = "<group>";
		};
		ABDCDC182CE78B1C001778F6 /* roll a numUITests */ = {
			isa = PBXFileSystemSynchronizedRootGroup;
			path = "roll a numUITests";
			sourceTree = "<group>";
		};
/* End PBXFileSystemSynchronizedRootGroup section */

/* Begin PBXFrameworksBuildPhase section */
		ABDCDBF22CE78B19001778F6 /* Frameworks */ = {
			isa = PBXFrameworksBuildPhase;
			buildActionMask = 2147483647;
			files = (
			);
			runOnlyForDeploymentPostprocessing = 0;
		};
		ABDCDC082CE78B1C001778F6 /* Frameworks */ = {
			isa = PBXFrameworksBuildPhase;
			buildActionMask = 2147483647;
			files = (
			);
			runOnlyForDeploymentPostprocessing = 0;
		};
		ABDCDC122CE78B1C001778F6 /* Frameworks */ = {
			isa = PBXFrameworksBuildPhase;
			buildActionMask = 2147483647;
			files = (
			);
			runOnlyForDeploymentPostprocessing = 0;
		};
/* End PBXFrameworksBuildPhase section */

/* Begin PBXGroup section */
		ABDCDBEC2CE78B19001778F6 = {
			isa = PBXGroup;
			children = (
				ABDCDBF72CE78B19001778F6 /* roll a num */,
				ABDCDC0E2CE78B1C001778F6 /* roll a numTests */,
				ABDCDC182CE78B1C001778F6 /* roll a numUITests */,
				ABDCDBF62CE78B19001778F6 /* Products */,
			);
			sourceTree = "<group>";
		};
		ABDCDBF62CE78B19001778F6 /* Products */ = {
			isa = PBXGroup;
			children = (
				ABDCDBF52CE78B19001778F6 /* roll a num.app */,
				ABDCDC0B2CE78B1C001778F6 /* roll a numTests.xctest */,
				ABDCDC152CE78B1C001778F6 /* roll a numUITests.xctest */,
			);
			name = Products;
			sourceTree = "<group>";
		};
/* End PBXGroup section */

/* Begin PBXNativeTarget section */
		ABDCDBF42CE78B19001778F6 /* roll a num */ = {
			isa = PBXNativeTarget;
			buildConfigurationList = ABDCDC1E2CE78B1C001778F6 /* Build configuration list for PBXNativeTarget "roll a num" */;
			buildPhases = (
				ABDCDBF12CE78B19001778F6 /* Sources */,
				ABDCDBF22CE78B19001778F6 /* Frameworks */,
				ABDCDBF32CE78B19001778F6 /* Resources */,
			);
			buildRules = (
			);
			dependencies = (
			);
			fileSystemSynchronizedGroups = (
				ABDCDBF72CE78B19001778F6 /* roll a num */,
			);
			name = "roll a num";
			packageProductDependencies = (
			);
			productName = "roll a num";
			productReference = ABDCDBF52CE78B19001778F6 /* roll a num.app */;
			productType = "com.apple.product-type.application";
		};
		ABDCDC0A2CE78B1C001778F6 /* roll a numTests */ = {
			isa = PBXNativeTarget;
			buildConfigurationList = ABDCDC232CE78B1C001778F6 /* Build configuration list for PBXNativeTarget "roll a numTests" */;
			buildPhases = (
				ABDCDC072CE78B1C001778F6 /* Sources */,
				ABDCDC082CE78B1C001778F6 /* Frameworks */,
				ABDCDC092CE78B1C001778F6 /* Resources */,
			);
			buildRules = (
			);
			dependencies = (
				ABDCDC0D2CE78B1C001778F6 /* PBXTargetDependency */,
			);
			fileSystemSynchronizedGroups = (
				ABDCDC0E2CE78B1C001778F6 /* roll a numTests */,
			);
			name = "roll a numTests";
			packageProductDependencies = (
			);
			productName = "roll a numTests";
			productReference = ABDCDC0B2CE78B1C001778F6 /* roll a numTests.xctest */;
			productType = "com.apple.product-type.bundle.unit-test";
		};
		ABDCDC142CE78B1C001778F6 /* roll a numUITests */ = {
			isa = PBXNativeTarget;
			buildConfigurationList = ABDCDC262CE78B1C001778F6 /* Build configuration list for PBXNativeTarget "roll a numUITests" */;
			buildPhases = (
				ABDCDC112CE78B1C001778F6 /* Sources */,
				ABDCDC122CE78B1C001778F6 /* Frameworks */,
				ABDCDC132CE78B1C001778F6 /* Resources */,
			);
			buildRules = (
			);
			dependencies = (
				ABDCDC172CE78B1C001778F6 /* PBXTargetDependency */,
			);
			fileSystemSynchronizedGroups = (
				ABDCDC182CE78B1C001778F6 /* roll a numUITests */,
			);
			name = "roll a numUITests";
			packageProductDependencies = (
			);
			productName = "roll a numUITests";
			productReference = ABDCDC152CE78B1C001778F6 /* roll a numUITests.xctest */;
			productType = "com.apple.product-type.bundle.ui-testing";
		};
/* End PBXNativeTarget section */

/* Begin PBXProject section */
		ABDCDBED2CE78B19001778F6 /* Project object */ = {
			isa = PBXProject;
			attributes = {
				BuildIndependentTargetsInParallel = 1;
				LastSwiftUpdateCheck = 1600;
				LastUpgradeCheck = 1600;
				TargetAttributes = {
					ABDCDBF42CE78B19001778F6 = {
						CreatedOnToolsVersion = 16.0;
					};
					ABDCDC0A2CE78B1C001778F6 = {
						CreatedOnToolsVersion = 16.0;
						TestTargetID = ABDCDBF42CE78B19001778F6;
					};
					ABDCDC142CE78B1C001778F6 = {
						CreatedOnToolsVersion = 16.0;
						TestTargetID = ABDCDBF42CE78B19001778F6;
					};
				};
			};
			buildConfigurationList = ABDCDBF02CE78B19001778F6 /* Build configuration list for PBXProject "roll a num" */;
			developmentRegion = en;
			hasScannedForEncodings = 0;
			knownRegions = (
				en,
				Base,
			);
			mainGroup = ABDCDBEC2CE78B19001778F6;
			minimizedProjectReferenceProxies = 1;
			preferredProjectObjectVersion = 77;
			productRefGroup = ABDCDBF62CE78B19001778F6 /* Products */;
			projectDirPath = "";
			projectRoot = "";
			targets = (
				ABDCDBF42CE78B19001778F6 /* roll a num */,
				ABDCDC0A2CE78B1C001778F6 /* roll a numTests */,
				ABDCDC142CE78B1C001778F6 /* roll a numUITests */,
			);
		};
/* End PBXProject section */

/* Begin PBXResourcesBuildPhase section */
		ABDCDBF32CE78B19001778F6 /* Resources */ = {
			isa = PBXResourcesBuildPhase;
			buildActionMask = 2147483647;
			files = (
			);
			runOnlyForDeploymentPostprocessing = 0;
		};
		ABDCDC092CE78B1C001778F6 /* Resources */ = {
			isa = PBXResourcesBuildPhase;
			buildActionMask = 2147483647;
			files = (
			);
			runOnlyForDeploymentPostprocessing = 0;
		};
		ABDCDC132CE78B1C001778F6 /* Resources */ = {
			isa = PBXResourcesBuildPhase;
			buildActionMask = 2147483647;
			files = (
			);
			runOnlyForDeploymentPostprocessing = 0;
		};
/* End PBXResourcesBuildPhase section */

/* Begin PBXSourcesBuildPhase section */
		ABDCDBF12CE78B19001778F6 /* Sources */ = {
			isa = PBXSourcesBuildPhase;
			buildActionMask = 2147483647;
			files = (
			);
			runOnlyForDeploymentPostprocessing = 0;
		};
		ABDCDC072CE78B1C001778F6 /* Sources */ = {
			isa = PBXSourcesBuildPhase;
			buildActionMask = 2147483647;
			files = (
			);
			runOnlyForDeploymentPostprocessing = 0;
		};
		ABDCDC112CE78B1C001778F6 /* Sources */ = {
			isa = PBXSourcesBuildPhase;
			buildActionMask = 2147483647;
			files = (
			);
			runOnlyForDeploymentPostprocessing = 0;
		};
/* End PBXSourcesBuildPhase section */

/* Begin PBXTargetDependency section */
		ABDCDC0D2CE78B1C001778F6 /* PBXTargetDependency */ = {
			isa = PBXTargetDependency;
			target = ABDCDBF42CE78B19001778F6 /* roll a num */;
			targetProxy = ABDCDC0C2CE78B1C001778F6 /* PBXContainerItemProxy */;
		};
		ABDCDC172CE78B1C001778F6 /* PBXTargetDependency */ = {
			isa = PBXTargetDependency;
			target = ABDCDBF42CE78B19001778F6 /* roll a num */;
			targetProxy = ABDCDC162CE78B1C001778F6 /* PBXContainerItemProxy */;
		};
/* End PBXTargetDependency section */

/* Begin XCBuildConfiguration section */
		ABDCDC1F2CE78B1C001778F6 /* Debug */ = {
			isa = XCBuildConfiguration;
			buildSettings = {
				ASSETCATALOG_COMPILER_APPICON_NAME = AppIcon;
				ASSETCATALOG_COMPILER_GLOBAL_ACCENT_COLOR_NAME = AccentColor;
				CODE_SIGN_STYLE = Automatic;
				CURRENT_PROJECT_VERSION = 1;
				DEVELOPMENT_TEAM = 4K2SW2G3D4;
				GENERATE_INFOPLIST_FILE = YES;
				INFOPLIST_FILE = "roll a num/Info.plist";
				INFOPLIST_KEY_UIApplicationSupportsIndirectInputEvents = YES;
				INFOPLIST_KEY_UILaunchStoryboardName = LaunchScreen;
				INFOPLIST_KEY_UIMainStoryboardFile = Main;
				INFOPLIST_KEY_UISupportedInterfaceOrientations_iPad = "UIInterfaceOrientationPortrait UIInterfaceOrientationPortraitUpsideDown UIInterfaceOrientationLandscapeLeft UIInterfaceOrientationLandscapeRight";
				INFOPLIST_KEY_UISupportedInterfaceOrientations_iPhone = "UIInterfaceOrientationPortrait UIInterfaceOrientationLandscapeLeft UIInterfaceOrientationLandscapeRight";
				IPHONEOS_DEPLOYMENT_TARGET = 17.0;
				"IPHONEOS_DEPLOYMENT_TARGET[sdk=iphoneos*]" = 17.0;
				LD_RUNPATH_SEARCH_PATHS = (
					"$(inherited)",
					"@executable_path/Frameworks",
				);
				MARKETING_VERSION = 1.0;
				PRODUCT_BUNDLE_IDENTIFIER = "com.vlad.roll-a-num";
				PRODUCT_NAME = "$(TARGET_NAME)";
				SWIFT_EMIT_LOC_STRINGS = YES;
				SWIFT_VERSION = 5.0;
				TARGETED_DEVICE_FAMILY = "1,2";
			};
			name = Debug;
		};
		ABDCDC202CE78B1C001778F6 /* Release */ = {
			isa = XCBuildConfiguration;
			buildSettings = {
				ASSETCATALOG_COMPILER_APPICON_NAME = AppIcon;
				ASSETCATALOG_COMPILER_GLOBAL_ACCENT_COLOR_NAME = AccentColor;
				CODE_SIGN_STYLE = Automatic;
				CURRENT_PROJECT_VERSION = 1;
				DEVELOPMENT_TEAM = 4K2SW2G3D4;
				GENERATE_INFOPLIST_FILE = YES;
				INFOPLIST_FILE = "roll a num/Info.plist";
				INFOPLIST_KEY_UIApplicationSupportsIndirectInputEvents = YES;
				INFOPLIST_KEY_UILaunchStoryboardName = LaunchScreen;
				INFOPLIST_KEY_UIMainStoryboardFile = Main;
				INFOPLIST_KEY_UISupportedInterfaceOrientations_iPad = "UIInterfaceOrientationPortrait UIInterfaceOrientationPortraitUpsideDown UIInterfaceOrientationLandscapeLeft UIInterfaceOrientationLandscapeRight";
				INFOPLIST_KEY_UISupportedInterfaceOrientations_iPhone = "UIInterfaceOrientationPortrait UIInterfaceOrientationLandscapeLeft UIInterfaceOrientationLandscapeRight";
				IPHONEOS_DEPLOYMENT_TARGET = 17.0;
				LD_RUNPATH_SEARCH_PATHS = (
					"$(inherited)",
					"@executable_path/Frameworks",
				);
				MARKETING_VERSION = 1.0;
				PRODUCT_BUNDLE_IDENTIFIER = "com.vlad.roll-a-num";
				PRODUCT_NAME = "$(TARGET_NAME)";
				SWIFT_EMIT_LOC_STRINGS = YES;
				SWIFT_VERSION = 5.0;
				TARGETED_DEVICE_FAMILY = "1,2";
			};
			name = Release;
		};
		ABDCDC212CE78B1C001778F6 /* Debug */ = {
			isa = XCBuildConfiguration;
			buildSettings = {
				ALWAYS_SEARCH_USER_PATHS = NO;
				ASSETCATALOG_COMPILER_GENERATE_SWIFT_ASSET_SYMBOL_EXTENSIONS = YES;
				CLANG_ANALYZER_NONNULL = YES;
				CLANG_ANALYZER_NUMBER_OBJECT_CONVERSION = YES_AGGRESSIVE;
				CLANG_CXX_LANGUAGE_STANDARD = "gnu++20";
				CLANG_ENABLE_MODULES = YES;
				CLANG_ENABLE_OBJC_ARC = YES;
				CLANG_ENABLE_OBJC_WEAK = YES;
				CLANG_WARN_BLOCK_CAPTURE_AUTORELEASING = YES;
				CLANG_WARN_BOOL_CONVERSION = YES;
				CLANG_WARN_COMMA = YES;
				CLANG_WARN_CONSTANT_CONVERSION = YES;
				CLANG_WARN_DEPRECATED_OBJC_IMPLEMENTATIONS = YES;
				CLANG_WARN_DIRECT_OBJC_ISA_USAGE = YES_ERROR;
				CLANG_WARN_DOCUMENTATION_COMMENTS = YES;
				CLANG_WARN_EMPTY_BODY = YES;
				CLANG_WARN_ENUM_CONVERSION = YES;
				CLANG_WARN_INFINITE_RECURSION = YES;
				CLANG_WARN_INT_CONVERSION = YES;
				CLANG_WARN_NON_LITERAL_NULL_CONVERSION = YES;
				CLANG_WARN_OBJC_IMPLICIT_RETAIN_SELF = YES;
				CLANG_WARN_OBJC_LITERAL_CONVERSION = YES;
				CLANG_WARN_OBJC_ROOT_CLASS = YES_ERROR;
				CLANG_WARN_QUOTED_INCLUDE_IN_FRAMEWORK_HEADER = YES;
				CLANG_WARN_RANGE_LOOP_ANALYSIS = YES;
				CLANG_WARN_STRICT_PROTOTYPES = YES;
				CLANG_WARN_SUSPICIOUS_MOVE = YES;
				CLANG_WARN_UNGUARDED_AVAILABILITY = YES_AGGRESSIVE;
				CLANG_WARN_UNREACHABLE_CODE = YES;
				CLANG_WARN__DUPLICATE_METHOD_MATCH = YES;
				COPY_PHASE_STRIP = NO;
				DEBUG_INFORMATION_FORMAT = dwarf;
				ENABLE_STRICT_OBJC_MSGSEND = YES;
				ENABLE_TESTABILITY = YES;
				ENABLE_USER_SCRIPT_SANDBOXING = YES;
				GCC_C_LANGUAGE_STANDARD = gnu17;
				GCC_DYNAMIC_NO_PIC = NO;
				GCC_NO_COMMON_BLOCKS = YES;
				GCC_OPTIMIZATION_LEVEL = 0;
				GCC_PREPROCESSOR_DEFINITIONS = (
					"DEBUG=1",
					"$(inherited)",
				);
				GCC_WARN_64_TO_32_BIT_CONVERSION = YES;
				GCC_WARN_ABOUT_RETURN_TYPE = YES_ERROR;
				GCC_WARN_UNDECLARED_SELECTOR = YES;
				GCC_WARN_UNINITIALIZED_AUTOS = YES_AGGRESSIVE;
				GCC_WARN_UNUSED_FUNCTION = YES;
				GCC_WARN_UNUSED_VARIABLE = YES;
				IPHONEOS_DEPLOYMENT_TARGET = 18.0;
				LOCALIZATION_PREFERS_STRING_CATALOGS = YES;
				MTL_ENABLE_DEBUG_INFO = INCLUDE_SOURCE;
				MTL_FAST_MATH = YES;
				ONLY_ACTIVE_ARCH = YES;
				SDKROOT = iphoneos;
				SWIFT_ACTIVE_COMPILATION_CONDITIONS = "DEBUG $(inherited)";
				SWIFT_OPTIMIZATION_LEVEL = "-Onone";
			};
			name = Debug;
		};
		ABDCDC222CE78B1C001778F6 /* Release */ = {
			isa = XCBuildConfiguration;
			buildSettings = {
				ALWAYS_SEARCH_USER_PATHS = NO;
				ASSETCATALOG_COMPILER_GENERATE_SWIFT_ASSET_SYMBOL_EXTENSIONS = YES;
				CLANG_ANALYZER_NONNULL = YES;
				CLANG_ANALYZER_NUMBER_OBJECT_CONVERSION = YES_AGGRESSIVE;
				CLANG_CXX_LANGUAGE_STANDARD = "gnu++20";
				CLANG_ENABLE_MODULES = YES;
				CLANG_ENABLE_OBJC_ARC = YES;
				CLANG_ENABLE_OBJC_WEAK = YES;
				CLANG_WARN_BLOCK_CAPTURE_AUTORELEASING = YES;
				CLANG_WARN_BOOL_CONVERSION = YES;
				CLANG_WARN_COMMA = YES;
				CLANG_WARN_CONSTANT_CONVERSION = YES;
				CLANG_WARN_DEPRECATED_OBJC_IMPLEMENTATIONS = YES;
				CLANG_WARN_DIRECT_OBJC_ISA_USAGE = YES_ERROR;
				CLANG_WARN_DOCUMENTATION_COMMENTS = YES;
				CLANG_WARN_EMPTY_BODY = YES;
				CLANG_WARN_ENUM_CONVERSION = YES;
				CLANG_WARN_INFINITE_RECURSION = YES;
				CLANG_WARN_INT_CONVERSION = YES;
				CLANG_WARN_NON_LITERAL_NULL_CONVERSION = YES;
				CLANG_WARN_OBJC_IMPLICIT_RETAIN_SELF = YES;
				CLANG_WARN_OBJC_LITERAL_CONVERSION = YES;
				CLANG_WARN_OBJC_ROOT_CLASS = YES_ERROR;
				CLANG_WARN_QUOTED_INCLUDE_IN_FRAMEWORK_HEADER = YES;
				CLANG_WARN_RANGE_LOOP_ANALYSIS = YES;
				CLANG_WARN_STRICT_PROTOTYPES = YES;
				CLANG_WARN_SUSPICIOUS_MOVE = YES;
				CLANG_WARN_UNGUARDED_AVAILABILITY = YES_AGGRESSIVE;
				CLANG_WARN_UNREACHABLE_CODE = YES;
				CLANG_WARN__DUPLICATE_METHOD_MATCH = YES;
				COPY_PHASE_STRIP = NO;
				DEBUG_INFORMATION_FORMAT = "dwarf-with-dsym";
				ENABLE_NS_ASSERTIONS = NO;
				ENABLE_STRICT_OBJC_MSGSEND = YES;
				ENABLE_USER_SCRIPT_SANDBOXING = YES;
				GCC_C_LANGUAGE_STANDARD = gnu17;
				GCC_NO_COMMON_BLOCKS = YES;
				GCC_WARN_64_TO_32_BIT_CONVERSION = YES;
				GCC_WARN_ABOUT_RETURN_TYPE = YES_ERROR;
				GCC_WARN_UNDECLARED_SELECTOR = YES;
				GCC_WARN_UNINITIALIZED_AUTOS = YES_AGGRESSIVE;
				GCC_WARN_UNUSED_FUNCTION = YES;
				GCC_WARN_UNUSED_VARIABLE = YES;
				IPHONEOS_DEPLOYMENT_TARGET = 18.0;
				LOCALIZATION_PREFERS_STRING_CATALOGS = YES;
				MTL_ENABLE_DEBUG_INFO = NO;
				MTL_FAST_MATH = YES;
				SDKROOT = iphoneos;
				SWIFT_COMPILATION_MODE = wholemodule;
				VALIDATE_PRODUCT = YES;
			};
			name = Release;
		};
		ABDCDC242CE78B1C001778F6 /* Debug */ = {
			isa = XCBuildConfiguration;
			buildSettings = {
				BUNDLE_LOADER = "$(TEST_HOST)";
				CODE_SIGN_STYLE = Automatic;
				CURRENT_PROJECT_VERSION = 1;
				GENERATE_INFOPLIST_FILE = YES;
				IPHONEOS_DEPLOYMENT_TARGET = 18.0;
				MARKETING_VERSION = 1.0;
				PRODUCT_BUNDLE_IDENTIFIER = "com.vlad.roll-a-numTests";
				PRODUCT_NAME = "$(TARGET_NAME)";
				SWIFT_EMIT_LOC_STRINGS = NO;
				SWIFT_VERSION = 5.0;
				TARGETED_DEVICE_FAMILY = "1,2";
				TEST_HOST = "$(BUILT_PRODUCTS_DIR)/roll a num.app/$(BUNDLE_EXECUTABLE_FOLDER_PATH)/roll a num";
			};
			name = Debug;
		};
		ABDCDC252CE78B1C001778F6 /* Release */ = {
			isa = XCBuildConfiguration;
			buildSettings = {
				BUNDLE_LOADER = "$(TEST_HOST)";
				CODE_SIGN_STYLE = Automatic;
				CURRENT_PROJECT_VERSION = 1;
				GENERATE_INFOPLIST_FILE = YES;
				IPHONEOS_DEPLOYMENT_TARGET = 18.0;
				MARKETING_VERSION = 1.0;
				PRODUCT_BUNDLE_IDENTIFIER = "com.vlad.roll-a-numTests";
				PRODUCT_NAME = "$(TARGET_NAME)";
				SWIFT_EMIT_LOC_STRINGS = NO;
				SWIFT_VERSION = 5.0;
				TARGETED_DEVICE_FAMILY = "1,2";
				TEST_HOST = "$(BUILT_PRODUCTS_DIR)/roll a num.app/$(BUNDLE_EXECUTABLE_FOLDER_PATH)/roll a num";
			};
			name = Release;
		};
		ABDCDC272CE78B1C001778F6 /* Debug */ = {
			isa = XCBuildConfiguration;
			buildSettings = {
				CODE_SIGN_STYLE = Automatic;
				CURRENT_PROJECT_VERSION = 1;
				GENERATE_INFOPLIST_FILE = YES;
				MARKETING_VERSION = 1.0;
				PRODUCT_BUNDLE_IDENTIFIER = "com.vlad.roll-a-numUITests";
				PRODUCT_NAME = "$(TARGET_NAME)";
				SWIFT_EMIT_LOC_STRINGS = NO;
				SWIFT_VERSION = 5.0;
				TARGETED_DEVICE_FAMILY = "1,2";
				TEST_TARGET_NAME = "roll a num";
			};
			name = Debug;
		};
		ABDCDC282CE78B1C001778F6 /* Release */ = {
			isa = XCBuildConfiguration;
			buildSettings = {
				CODE_SIGN_STYLE = Automatic;
				CURRENT_PROJECT_VERSION = 1;
				GENERATE_INFOPLIST_FILE = YES;
				MARKETING_VERSION = 1.0;
				PRODUCT_BUNDLE_IDENTIFIER = "com.vlad.roll-a-numUITests";
				PRODUCT_NAME = "$(TARGET_NAME)";
				SWIFT_EMIT_LOC_STRINGS = NO;
				SWIFT_VERSION = 5.0;
				TARGETED_DEVICE_FAMILY = "1,2";
				TEST_TARGET_NAME = "roll a num";
			};
			name = Release;
		};
/* End XCBuildConfiguration section */

/* Begin XCConfigurationList section */
		ABDCDBF02CE78B19001778F6 /* Build configuration list for PBXProject "roll a num" */ = {
			isa = XCConfigurationList;
			buildConfigurations = (
				ABDCDC212CE78B1C001778F6 /* Debug */,
				ABDCDC222CE78B1C001778F6 /* Release */,
			);
			defaultConfigurationIsVisible = 0;
			defaultConfigurationName = Release;
		};
		ABDCDC1E2CE78B1C001778F6 /* Build configuration list for PBXNativeTarget "roll a num" */ = {
			isa = XCConfigurationList;
			buildConfigurations = (
				ABDCDC1F2CE78B1C001778F6 /* Debug */,
				ABDCDC202CE78B1C001778F6 /* Release */,
			);
			defaultConfigurationIsVisible = 0;
			defaultConfigurationName = Release;
		};
		ABDCDC232CE78B1C001778F6 /* Build configuration list for PBXNativeTarget "roll a numTests" */ = {
			isa = XCConfigurationList;
			buildConfigurations = (
				ABDCDC242CE78B1C001778F6 /* Debug */,
				ABDCDC252CE78B1C001778F6 /* Release */,
			);
			defaultConfigurationIsVisible = 0;
			defaultConfigurationName = Release;
		};
		ABDCDC262CE78B1C001778F6 /* Build configuration list for PBXNativeTarget "roll a numUITests" */ = {
			isa = XCConfigurationList;
			buildConfigurations = (
				ABDCDC272CE78B1C001778F6 /* Debug */,
				ABDCDC282CE78B1C001778F6 /* Release */,
			);
			defaultConfigurationIsVisible = 0;
			defaultConfigurationName = Release;
		};
/* End XCConfigurationList section */
	};
	rootObject = ABDCDBED2CE78B19001778F6 /* Project object */;
}
